// !$*UTF8*$!
{
	archiveVersion = 1;
	classes = {
	};
	objectVersion = 55;
	objects = {

/* Begin PBXBuildFile section */
		42B3F2842CBDC8F1002308DA /* AppDelegate.swift in Sources */ = {isa = PBXBuildFile; fileRef = 42B3F2832CBDC8F1002308DA /* AppDelegate.swift */; };
		42B3F2862CBDC8F1002308DA /* SceneDelegate.swift in Sources */ = {isa = PBXBuildFile; fileRef = 42B3F2852CBDC8F1002308DA /* SceneDelegate.swift */; };
		42B3F2882CBDC8F1002308DA /* ViewController.swift in Sources */ = {isa = PBXBuildFile; fileRef = 42B3F2872CBDC8F1002308DA /* ViewController.swift */; };
		42B3F28B2CBDC8F1002308DA /* Main.storyboard in Resources */ = {isa = PBXBuildFile; fileRef = 42B3F2892CBDC8F1002308DA /* Main.storyboard */; };
		42B3F28D2CBDC8F3002308DA /* Assets.xcassets in Resources */ = {isa = PBXBuildFile; fileRef = 42B3F28C2CBDC8F3002308DA /* Assets.xcassets */; };
		42B3F2902CBDC8F3002308DA /* LaunchScreen.storyboard in Resources */ = {isa = PBXBuildFile; fileRef = 42B3F28E2CBDC8F3002308DA /* LaunchScreen.storyboard */; };
		42B3F29B2CBDC8F3002308DA /* ParrilloSnapChatTests.swift in Sources */ = {isa = PBXBuildFile; fileRef = 42B3F29A2CBDC8F3002308DA /* ParrilloSnapChatTests.swift */; };
		42B3F2A52CBDC8F3002308DA /* ParrilloSnapChatUITests.swift in Sources */ = {isa = PBXBuildFile; fileRef = 42B3F2A42CBDC8F3002308DA /* ParrilloSnapChatUITests.swift */; };
		42B3F2A72CBDC8F3002308DA /* ParrilloSnapChatUITestsLaunchTests.swift in Sources */ = {isa = PBXBuildFile; fileRef = 42B3F2A62CBDC8F3002308DA /* ParrilloSnapChatUITestsLaunchTests.swift */; };
/* End PBXBuildFile section */

/* Begin PBXContainerItemProxy section */
		42B3F2972CBDC8F3002308DA /* PBXContainerItemProxy */ = {
			isa = PBXContainerItemProxy;
			containerPortal = 42B3F2782CBDC8F1002308DA /* Project object */;
			proxyType = 1;
			remoteGlobalIDString = 42B3F27F2CBDC8F1002308DA;
			remoteInfo = ParrilloSnapChat;
		};
		42B3F2A12CBDC8F3002308DA /* PBXContainerItemProxy */ = {
			isa = PBXContainerItemProxy;
			containerPortal = 42B3F2782CBDC8F1002308DA /* Project object */;
			proxyType = 1;
			remoteGlobalIDString = 42B3F27F2CBDC8F1002308DA;
			remoteInfo = ParrilloSnapChat;
		};
/* End PBXContainerItemProxy section */

/* Begin PBXFileReference section */
		42B3F2802CBDC8F1002308DA /* ParrilloSnapChat.app */ = {isa = PBXFileReference; explicitFileType = wrapper.application; includeInIndex = 0; path = ParrilloSnapChat.app; sourceTree = BUILT_PRODUCTS_DIR; };
		42B3F2832CBDC8F1002308DA /* AppDelegate.swift */ = {isa = PBXFileReference; lastKnownFileType = sourcecode.swift; path = AppDelegate.swift; sourceTree = "<group>"; };
		42B3F2852CBDC8F1002308DA /* SceneDelegate.swift */ = {isa = PBXFileReference; lastKnownFileType = sourcecode.swift; path = SceneDelegate.swift; sourceTree = "<group>"; };
		42B3F2872CBDC8F1002308DA /* ViewController.swift */ = {isa = PBXFileReference; lastKnownFileType = sourcecode.swift; path = ViewController.swift; sourceTree = "<group>"; };
		42B3F28A2CBDC8F1002308DA /* Base */ = {isa = PBXFileReference; lastKnownFileType = file.storyboard; name = Base; path = Base.lproj/Main.storyboard; sourceTree = "<group>"; };
		42B3F28C2CBDC8F3002308DA /* Assets.xcassets */ = {isa = PBXFileReference; lastKnownFileType = folder.assetcatalog; path = Assets.xcassets; sourceTree = "<group>"; };
		42B3F28F2CBDC8F3002308DA /* Base */ = {isa = PBXFileReference; lastKnownFileType = file.storyboard; name = Base; path = Base.lproj/LaunchScreen.storyboard; sourceTree = "<group>"; };
		42B3F2912CBDC8F3002308DA /* Info.plist */ = {isa = PBXFileReference; lastKnownFileType = text.plist.xml; path = Info.plist; sourceTree = "<group>"; };
		42B3F2962CBDC8F3002308DA /* ParrilloSnapChatTests.xctest */ = {isa = PBXFileReference; explicitFileType = wrapper.cfbundle; includeInIndex = 0; path = ParrilloSnapChatTests.xctest; sourceTree = BUILT_PRODUCTS_DIR; };
		42B3F29A2CBDC8F3002308DA /* ParrilloSnapChatTests.swift */ = {isa = PBXFileReference; lastKnownFileType = sourcecode.swift; path = ParrilloSnapChatTests.swift; sourceTree = "<group>"; };
		42B3F2A02CBDC8F3002308DA /* ParrilloSnapChatUITests.xctest */ = {isa = PBXFileReference; explicitFileType = wrapper.cfbundle; includeInIndex = 0; path = ParrilloSnapChatUITests.xctest; sourceTree = BUILT_PRODUCTS_DIR; };
		42B3F2A42CBDC8F3002308DA /* ParrilloSnapChatUITests.swift */ = {isa = PBXFileReference; lastKnownFileType = sourcecode.swift; path = ParrilloSnapChatUITests.swift; sourceTree = "<group>"; };
		42B3F2A62CBDC8F3002308DA /* ParrilloSnapChatUITestsLaunchTests.swift */ = {isa = PBXFileReference; lastKnownFileType = sourcecode.swift; path = ParrilloSnapChatUITestsLaunchTests.swift; sourceTree = "<group>"; };
/* End PBXFileReference section */

/* Begin PBXFrameworksBuildPhase section */
		42B3F27D2CBDC8F1002308DA /* Frameworks */ = {
			isa = PBXFrameworksBuildPhase;
			buildActionMask = 2147483647;
			files = (
			);
			runOnlyForDeploymentPostprocessing = 0;
		};
		42B3F2932CBDC8F3002308DA /* Frameworks */ = {
			isa = PBXFrameworksBuildPhase;
			buildActionMask = 2147483647;
			files = (
			);
			runOnlyForDeploymentPostprocessing = 0;
		};
		42B3F29D2CBDC8F3002308DA /* Frameworks */ = {
			isa = PBXFrameworksBuildPhase;
			buildActionMask = 2147483647;
			files = (
			);
			runOnlyForDeploymentPostprocessing = 0;
		};
/* End PBXFrameworksBuildPhase section */

/* Begin PBXGroup section */
		42B3F2772CBDC8F1002308DA = {
			isa = PBXGroup;
			children = (
				42B3F2822CBDC8F1002308DA /* ParrilloSnapChat */,
				42B3F2992CBDC8F3002308DA /* ParrilloSnapChatTests */,
				42B3F2A32CBDC8F3002308DA /* ParrilloSnapChatUITests */,
				42B3F2812CBDC8F1002308DA /* Products */,
			);
			sourceTree = "<group>";
		};
		42B3F2812CBDC8F1002308DA /* Products */ = {
			isa = PBXGroup;
			children = (
				42B3F2802CBDC8F1002308DA /* ParrilloSnapChat.app */,
				42B3F2962CBDC8F3002308DA /* ParrilloSnapChatTests.xctest */,
				42B3F2A02CBDC8F3002308DA /* ParrilloSnapChatUITests.xctest */,
			);
			name = Products;
			sourceTree = "<group>";
		};
		42B3F2822CBDC8F1002308DA /* ParrilloSnapChat */ = {
			isa = PBXGroup;
			children = (
				42B3F2832CBDC8F1002308DA /* AppDelegate.swift */,
				42B3F2852CBDC8F1002308DA /* SceneDelegate.swift */,
				42B3F2872CBDC8F1002308DA /* ViewController.swift */,
				42B3F2892CBDC8F1002308DA /* Main.storyboard */,
				42B3F28C2CBDC8F3002308DA /* Assets.xcassets */,
				42B3F28E2CBDC8F3002308DA /* LaunchScreen.storyboard */,
				42B3F2912CBDC8F3002308DA /* Info.plist */,
			);
			path = ParrilloSnapChat;
			sourceTree = "<group>";
		};
		42B3F2992CBDC8F3002308DA /* ParrilloSnapChatTests */ = {
			isa = PBXGroup;
			children = (
				42B3F29A2CBDC8F3002308DA /* ParrilloSnapChatTests.swift */,
			);
			path = ParrilloSnapChatTests;
			sourceTree = "<group>";
		};
		42B3F2A32CBDC8F3002308DA /* ParrilloSnapChatUITests */ = {
			isa = PBXGroup;
			children = (
				42B3F2A42CBDC8F3002308DA /* ParrilloSnapChatUITests.swift */,
				42B3F2A62CBDC8F3002308DA /* ParrilloSnapChatUITestsLaunchTests.swift */,
			);
			path = ParrilloSnapChatUITests;
			sourceTree = "<group>";
		};
/* End PBXGroup section */

/* Begin PBXNativeTarget section */
		42B3F27F2CBDC8F1002308DA /* ParrilloSnapChat */ = {
			isa = PBXNativeTarget;
			buildConfigurationList = 42B3F2AA2CBDC8F3002308DA /* Build configuration list for PBXNativeTarget "ParrilloSnapChat" */;
			buildPhases = (
				42B3F27C2CBDC8F1002308DA /* Sources */,
				42B3F27D2CBDC8F1002308DA /* Frameworks */,
				42B3F27E2CBDC8F1002308DA /* Resources */,
			);
			buildRules = (
			);
			dependencies = (
			);
			name = ParrilloSnapChat;
			productName = ParrilloSnapChat;
			productReference = 42B3F2802CBDC8F1002308DA /* ParrilloSnapChat.app */;
			productType = "com.apple.product-type.application";
		};
		42B3F2952CBDC8F3002308DA /* ParrilloSnapChatTests */ = {
			isa = PBXNativeTarget;
			buildConfigurationList = 42B3F2AD2CBDC8F3002308DA /* Build configuration list for PBXNativeTarget "ParrilloSnapChatTests" */;
			buildPhases = (
				42B3F2922CBDC8F3002308DA /* Sources */,
				42B3F2932CBDC8F3002308DA /* Frameworks */,
				42B3F2942CBDC8F3002308DA /* Resources */,
			);
			buildRules = (
			);
			dependencies = (
				42B3F2982CBDC8F3002308DA /* PBXTargetDependency */,
			);
			name = ParrilloSnapChatTests;
			productName = ParrilloSnapChatTests;
			productReference = 42B3F2962CBDC8F3002308DA /* ParrilloSnapChatTests.xctest */;
			productType = "com.apple.product-type.bundle.unit-test";
		};
		42B3F29F2CBDC8F3002308DA /* ParrilloSnapChatUITests */ = {
			isa = PBXNativeTarget;
			buildConfigurationList = 42B3F2B02CBDC8F3002308DA /* Build configuration list for PBXNativeTarget "ParrilloSnapChatUITests" */;
			buildPhases = (
				42B3F29C2CBDC8F3002308DA /* Sources */,
				42B3F29D2CBDC8F3002308DA /* Frameworks */,
				42B3F29E2CBDC8F3002308DA /* Resources */,
			);
			buildRules = (
			);
			dependencies = (
				42B3F2A22CBDC8F3002308DA /* PBXTargetDependency */,
			);
			name = ParrilloSnapChatUITests;
			productName = ParrilloSnapChatUITests;
			productReference = 42B3F2A02CBDC8F3002308DA /* ParrilloSnapChatUITests.xctest */;
			productType = "com.apple.product-type.bundle.ui-testing";
		};
/* End PBXNativeTarget section */

/* Begin PBXProject section */
		42B3F2782CBDC8F1002308DA /* Project object */ = {
			isa = PBXProject;
			attributes = {
				BuildIndependentTargetsInParallel = 1;
				LastSwiftUpdateCheck = 1320;
				LastUpgradeCheck = 1320;
				TargetAttributes = {
					42B3F27F2CBDC8F1002308DA = {
						CreatedOnToolsVersion = 13.2.1;
					};
					42B3F2952CBDC8F3002308DA = {
						CreatedOnToolsVersion = 13.2.1;
						TestTargetID = 42B3F27F2CBDC8F1002308DA;
					};
					42B3F29F2CBDC8F3002308DA = {
						CreatedOnToolsVersion = 13.2.1;
						TestTargetID = 42B3F27F2CBDC8F1002308DA;
					};
				};
			};
			buildConfigurationList = 42B3F27B2CBDC8F1002308DA /* Build configuration list for PBXProject "ParrilloSnapChat" */;
			compatibilityVersion = "Xcode 13.0";
			developmentRegion = en;
			hasScannedForEncodings = 0;
			knownRegions = (
				en,
				Base,
			);
			mainGroup = 42B3F2772CBDC8F1002308DA;
			productRefGroup = 42B3F2812CBDC8F1002308DA /* Products */;
			projectDirPath = "";
			projectRoot = "";
			targets = (
				42B3F27F2CBDC8F1002308DA /* ParrilloSnapChat */,
				42B3F2952CBDC8F3002308DA /* ParrilloSnapChatTests */,
				42B3F29F2CBDC8F3002308DA /* ParrilloSnapChatUITests */,
			);
		};
/* End PBXProject section */

/* Begin PBXResourcesBuildPhase section */
		42B3F27E2CBDC8F1002308DA /* Resources */ = {
			isa = PBXResourcesBuildPhase;
			buildActionMask = 2147483647;
			files = (
				42B3F2902CBDC8F3002308DA /* LaunchScreen.storyboard in Resources */,
				42B3F28D2CBDC8F3002308DA /* Assets.xcassets in Resources */,
				42B3F28B2CBDC8F1002308DA /* Main.storyboard in Resources */,
			);
			runOnlyForDeploymentPostprocessing = 0;
		};
		42B3F2942CBDC8F3002308DA /* Resources */ = {
			isa = PBXResourcesBuildPhase;
			buildActionMask = 2147483647;
			files = (
			);
			runOnlyForDeploymentPostprocessing = 0;
		};
		42B3F29E2CBDC8F3002308DA /* Resources */ = {
			isa = PBXResourcesBuildPhase;
			buildActionMask = 2147483647;
			files = (
			);
			runOnlyForDeploymentPostprocessing = 0;
		};
/* End PBXResourcesBuildPhase section */

/* Begin PBXSourcesBuildPhase section */
		42B3F27C2CBDC8F1002308DA /* Sources */ = {
			isa = PBXSourcesBuildPhase;
			buildActionMask = 2147483647;
			files = (
				42B3F2882CBDC8F1002308DA /* ViewController.swift in Sources */,
				42B3F2842CBDC8F1002308DA /* AppDelegate.swift in Sources */,
				42B3F2862CBDC8F1002308DA /* SceneDelegate.swift in Sources */,
			);
			runOnlyForDeploymentPostprocessing = 0;
		};
		42B3F2922CBDC8F3002308DA /* Sources */ = {
			isa = PBXSourcesBuildPhase;
			buildActionMask = 2147483647;
			files = (
				42B3F29B2CBDC8F3002308DA /* ParrilloSnapChatTests.swift in Sources */,
			);
			runOnlyForDeploymentPostprocessing = 0;
		};
		42B3F29C2CBDC8F3002308DA /* Sources */ = {
			isa = PBXSourcesBuildPhase;
			buildActionMask = 2147483647;
			files = (
				42B3F2A52CBDC8F3002308DA /* ParrilloSnapChatUITests.swift in Sources */,
				42B3F2A72CBDC8F3002308DA /* ParrilloSnapChatUITestsLaunchTests.swift in Sources */,
			);
			runOnlyForDeploymentPostprocessing = 0;
		};
/* End PBXSourcesBuildPhase section */

/* Begin PBXTargetDependency section */
		42B3F2982CBDC8F3002308DA /* PBXTargetDependency */ = {
			isa = PBXTargetDependency;
			target = 42B3F27F2CBDC8F1002308DA /* ParrilloSnapChat */;
			targetProxy = 42B3F2972CBDC8F3002308DA /* PBXContainerItemProxy */;
		};
		42B3F2A22CBDC8F3002308DA /* PBXTargetDependency */ = {
			isa = PBXTargetDependency;
			target = 42B3F27F2CBDC8F1002308DA /* ParrilloSnapChat */;
			targetProxy = 42B3F2A12CBDC8F3002308DA /* PBXContainerItemProxy */;
		};
/* End PBXTargetDependency section */

/* Begin PBXVariantGroup section */
		42B3F2892CBDC8F1002308DA /* Main.storyboard */ = {
			isa = PBXVariantGroup;
			children = (
				42B3F28A2CBDC8F1002308DA /* Base */,
			);
			name = Main.storyboard;
			sourceTree = "<group>";
		};
		42B3F28E2CBDC8F3002308DA /* LaunchScreen.storyboard */ = {
			isa = PBXVariantGroup;
			children = (
				42B3F28F2CBDC8F3002308DA /* Base */,
			);
			name = LaunchScreen.storyboard;
			sourceTree = "<group>";
		};
/* End PBXVariantGroup section */

/* Begin XCBuildConfiguration section */
		42B3F2A82CBDC8F3002308DA /* Debug */ = {
			isa = XCBuildConfiguration;
			buildSettings = {
				ALWAYS_SEARCH_USER_PATHS = NO;
				CLANG_ANALYZER_NONNULL = YES;
				CLANG_ANALYZER_NUMBER_OBJECT_CONVERSION = YES_AGGRESSIVE;
				CLANG_CXX_LANGUAGE_STANDARD = "gnu++17";
				CLANG_CXX_LIBRARY = "libc++";
				CLANG_ENABLE_MODULES = YES;
				CLANG_ENABLE_OBJC_ARC = YES;
				CLANG_ENABLE_OBJC_WEAK = YES;
				CLANG_WARN_BLOCK_CAPTURE_AUTORELEASING = YES;
				CLANG_WARN_BOOL_CONVERSION = YES;
				CLANG_WARN_COMMA = YES;
				CLANG_WARN_CONSTANT_CONVERSION = YES;
				CLANG_WARN_DEPRECATED_OBJC_IMPLEMENTATIONS = YES;
				CLANG_WARN_DIRECT_OBJC_ISA_USAGE = YES_ERROR;
				CLANG_WARN_DOCUMENTATION_COMMENTS = YES;
				CLANG_WARN_EMPTY_BODY = YES;
				CLANG_WARN_ENUM_CONVERSION = YES;
				CLANG_WARN_INFINITE_RECURSION = YES;
				CLANG_WARN_INT_CONVERSION = YES;
				CLANG_WARN_NON_LITERAL_NULL_CONVERSION = YES;
				CLANG_WARN_OBJC_IMPLICIT_RETAIN_SELF = YES;
				CLANG_WARN_OBJC_LITERAL_CONVERSION = YES;
				CLANG_WARN_OBJC_ROOT_CLASS = YES_ERROR;
				CLANG_WARN_QUOTED_INCLUDE_IN_FRAMEWORK_HEADER = YES;
				CLANG_WARN_RANGE_LOOP_ANALYSIS = YES;
				CLANG_WARN_STRICT_PROTOTYPES = YES;
				CLANG_WARN_SUSPICIOUS_MOVE = YES;
				CLANG_WARN_UNGUARDED_AVAILABILITY = YES_AGGRESSIVE;
				CLANG_WARN_UNREACHABLE_CODE = YES;
				CLANG_WARN__DUPLICATE_METHOD_MATCH = YES;
				COPY_PHASE_STRIP = NO;
				DEBUG_INFORMATION_FORMAT = dwarf;
				ENABLE_STRICT_OBJC_MSGSEND = YES;
				ENABLE_TESTABILITY = YES;
				GCC_C_LANGUAGE_STANDARD = gnu11;
				GCC_DYNAMIC_NO_PIC = NO;
				GCC_NO_COMMON_BLOCKS = YES;
				GCC_OPTIMIZATION_LEVEL = 0;
				GCC_PREPROCESSOR_DEFINITIONS = (
					"DEBUG=1",
					"$(inherited)",
				);
				GCC_WARN_64_TO_32_BIT_CONVERSION = YES;
				GCC_WARN_ABOUT_RETURN_TYPE = YES_ERROR;
				GCC_WARN_UNDECLARED_SELECTOR = YES;
				GCC_WARN_UNINITIALIZED_AUTOS = YES_AGGRESSIVE;
				GCC_WARN_UNUSED_FUNCTION = YES;
				GCC_WARN_UNUSED_VARIABLE = YES;
				IPHONEOS_DEPLOYMENT_TARGET = 15.2;
				MTL_ENABLE_DEBUG_INFO = INCLUDE_SOURCE;
				MTL_FAST_MATH = YES;
				ONLY_ACTIVE_ARCH = YES;
				SDKROOT = iphoneos;
				SWIFT_ACTIVE_COMPILATION_CONDITIONS = DEBUG;
				SWIFT_OPTIMIZATION_LEVEL = "-Onone";
			};
			name = Debug;
		};
		42B3F2A92CBDC8F3002308DA /* Release */ = {
			isa = XCBuildConfiguration;
			buildSettings = {
				ALWAYS_SEARCH_USER_PATHS = NO;
				CLANG_ANALYZER_NONNULL = YES;
				CLANG_ANALYZER_NUMBER_OBJECT_CONVERSION = YES_AGGRESSIVE;
				CLANG_CXX_LANGUAGE_STANDARD = "gnu++17";
				CLANG_CXX_LIBRARY = "libc++";
				CLANG_ENABLE_MODULES = YES;
				CLANG_ENABLE_OBJC_ARC = YES;
				CLANG_ENABLE_OBJC_WEAK = YES;
				CLANG_WARN_BLOCK_CAPTURE_AUTORELEASING = YES;
				CLANG_WARN_BOOL_CONVERSION = YES;
				CLANG_WARN_COMMA = YES;
				CLANG_WARN_CONSTANT_CONVERSION = YES;
				CLANG_WARN_DEPRECATED_OBJC_IMPLEMENTATIONS = YES;
				CLANG_WARN_DIRECT_OBJC_ISA_USAGE = YES_ERROR;
				CLANG_WARN_DOCUMENTATION_COMMENTS = YES;
				CLANG_WARN_EMPTY_BODY = YES;
				CLANG_WARN_ENUM_CONVERSION = YES;
				CLANG_WARN_INFINITE_RECURSION = YES;
				CLANG_WARN_INT_CONVERSION = YES;
				CLANG_WARN_NON_LITERAL_NULL_CONVERSION = YES;
				CLANG_WARN_OBJC_IMPLICIT_RETAIN_SELF = YES;
				CLANG_WARN_OBJC_LITERAL_CONVERSION = YES;
				CLANG_WARN_OBJC_ROOT_CLASS = YES_ERROR;
				CLANG_WARN_QUOTED_INCLUDE_IN_FRAMEWORK_HEADER = YES;
				CLANG_WARN_RANGE_LOOP_ANALYSIS = YES;
				CLANG_WARN_STRICT_PROTOTYPES = YES;
				CLANG_WARN_SUSPICIOUS_MOVE = YES;
				CLANG_WARN_UNGUARDED_AVAILABILITY = YES_AGGRESSIVE;
				CLANG_WARN_UNREACHABLE_CODE = YES;
				CLANG_WARN__DUPLICATE_METHOD_MATCH = YES;
				COPY_PHASE_STRIP = NO;
				DEBUG_INFORMATION_FORMAT = "dwarf-with-dsym";
				ENABLE_NS_ASSERTIONS = NO;
				ENABLE_STRICT_OBJC_MSGSEND = YES;
				GCC_C_LANGUAGE_STANDARD = gnu11;
				GCC_NO_COMMON_BLOCKS = YES;
				GCC_WARN_64_TO_32_BIT_CONVERSION = YES;
				GCC_WARN_ABOUT_RETURN_TYPE = YES_ERROR;
				GCC_WARN_UNDECLARED_SELECTOR = YES;
				GCC_WARN_UNINITIALIZED_AUTOS = YES_AGGRESSIVE;
				GCC_WARN_UNUSED_FUNCTION = YES;
				GCC_WARN_UNUSED_VARIABLE = YES;
				IPHONEOS_DEPLOYMENT_TARGET = 15.2;
				MTL_ENABLE_DEBUG_INFO = NO;
				MTL_FAST_MATH = YES;
				SDKROOT = iphoneos;
				SWIFT_COMPILATION_MODE = wholemodule;
				SWIFT_OPTIMIZATION_LEVEL = "-O";
				VALIDATE_PRODUCT = YES;
			};
			name = Release;
		};
		42B3F2AB2CBDC8F3002308DA /* Debug */ = {
			isa = XCBuildConfiguration;
			buildSettings = {
				ASSETCATALOG_COMPILER_APPICON_NAME = AppIcon;
				ASSETCATALOG_COMPILER_GLOBAL_ACCENT_COLOR_NAME = AccentColor;
				CODE_SIGN_STYLE = Automatic;
				CURRENT_PROJECT_VERSION = 1;
				GENERATE_INFOPLIST_FILE = YES;
				INFOPLIST_FILE = ParrilloSnapChat/Info.plist;
				INFOPLIST_KEY_UIApplicationSupportsIndirectInputEvents = YES;
				INFOPLIST_KEY_UILaunchStoryboardName = LaunchScreen;
				INFOPLIST_KEY_UIMainStoryboardFile = Main;
				INFOPLIST_KEY_UISupportedInterfaceOrientations_iPad = "UIInterfaceOrientationPortrait UIInterfaceOrientationPortraitUpsideDown UIInterfaceOrientationLandscapeLeft UIInterfaceOrientationLandscapeRight";
				INFOPLIST_KEY_UISupportedInterfaceOrientations_iPhone = "UIInterfaceOrientationPortrait UIInterfaceOrientationLandscapeLeft UIInterfaceOrientationLandscapeRight";
				LD_RUNPATH_SEARCH_PATHS = (
					"$(inherited)",
					"@executable_path/Frameworks",
				);
				MARKETING_VERSION = 1.0;
				PRODUCT_BUNDLE_IDENTIFIER = com.miempresa.ParrilloSnapChat;
				PRODUCT_NAME = "$(TARGET_NAME)";
				SWIFT_EMIT_LOC_STRINGS = YES;
				SWIFT_VERSION = 5.0;
				TARGETED_DEVICE_FAMILY = "1,2";
			};
			name = Debug;
		};
		42B3F2AC2CBDC8F3002308DA /* Release */ = {
			isa = XCBuildConfiguration;
			buildSettings = {
				ASSETCATALOG_COMPILER_APPICON_NAME = AppIcon;
				ASSETCATALOG_COMPILER_GLOBAL_ACCENT_COLOR_NAME = AccentColor;
				CODE_SIGN_STYLE = Automatic;
				CURRENT_PROJECT_VERSION = 1;
				GENERATE_INFOPLIST_FILE = YES;
				INFOPLIST_FILE = ParrilloSnapChat/Info.plist;
				INFOPLIST_KEY_UIApplicationSupportsIndirectInputEvents = YES;
				INFOPLIST_KEY_UILaunchStoryboardName = LaunchScreen;
				INFOPLIST_KEY_UIMainStoryboardFile = Main;
				INFOPLIST_KEY_UISupportedInterfaceOrientations_iPad = "UIInterfaceOrientationPortrait UIInterfaceOrientationPortraitUpsideDown UIInterfaceOrientationLandscapeLeft UIInterfaceOrientationLandscapeRight";
				INFOPLIST_KEY_UISupportedInterfaceOrientations_iPhone = "UIInterfaceOrientationPortrait UIInterfaceOrientationLandscapeLeft UIInterfaceOrientationLandscapeRight";
				LD_RUNPATH_SEARCH_PATHS = (
					"$(inherited)",
					"@executable_path/Frameworks",
				);
				MARKETING_VERSION = 1.0;
				PRODUCT_BUNDLE_IDENTIFIER = com.miempresa.ParrilloSnapChat;
				PRODUCT_NAME = "$(TARGET_NAME)";
				SWIFT_EMIT_LOC_STRINGS = YES;
				SWIFT_VERSION = 5.0;
				TARGETED_DEVICE_FAMILY = "1,2";
			};
			name = Release;
		};
		42B3F2AE2CBDC8F3002308DA /* Debug */ = {
			isa = XCBuildConfiguration;
			buildSettings = {
				ALWAYS_EMBED_SWIFT_STANDARD_LIBRARIES = YES;
				BUNDLE_LOADER = "$(TEST_HOST)";
				CODE_SIGN_STYLE = Automatic;
				CURRENT_PROJECT_VERSION = 1;
				GENERATE_INFOPLIST_FILE = YES;
				IPHONEOS_DEPLOYMENT_TARGET = 15.2;
				MARKETING_VERSION = 1.0;
				PRODUCT_BUNDLE_IDENTIFIER = com.miempresa.ParrilloSnapChatTests;
				PRODUCT_NAME = "$(TARGET_NAME)";
				SWIFT_EMIT_LOC_STRINGS = NO;
				SWIFT_VERSION = 5.0;
				TARGETED_DEVICE_FAMILY = "1,2";
				TEST_HOST = "$(BUILT_PRODUCTS_DIR)/ParrilloSnapChat.app/ParrilloSnapChat";
			};
			name = Debug;
		};
		42B3F2AF2CBDC8F3002308DA /* Release */ = {
			isa = XCBuildConfiguration;
			buildSettings = {
				ALWAYS_EMBED_SWIFT_STANDARD_LIBRARIES = YES;
				BUNDLE_LOADER = "$(TEST_HOST)";
				CODE_SIGN_STYLE = Automatic;
				CURRENT_PROJECT_VERSION = 1;
				GENERATE_INFOPLIST_FILE = YES;
				IPHONEOS_DEPLOYMENT_TARGET = 15.2;
				MARKETING_VERSION = 1.0;
				PRODUCT_BUNDLE_IDENTIFIER = com.miempresa.ParrilloSnapChatTests;
				PRODUCT_NAME = "$(TARGET_NAME)";
				SWIFT_EMIT_LOC_STRINGS = NO;
				SWIFT_VERSION = 5.0;
				TARGETED_DEVICE_FAMILY = "1,2";
				TEST_HOST = "$(BUILT_PRODUCTS_DIR)/ParrilloSnapChat.app/ParrilloSnapChat";
			};
			name = Release;
		};
		42B3F2B12CBDC8F3002308DA /* Debug */ = {
			isa = XCBuildConfiguration;
			buildSettings = {
				ALWAYS_EMBED_SWIFT_STANDARD_LIBRARIES = YES;
				CODE_SIGN_STYLE = Automatic;
				CURRENT_PROJECT_VERSION = 1;
				GENERATE_INFOPLIST_FILE = YES;
				MARKETING_VERSION = 1.0;
				PRODUCT_BUNDLE_IDENTIFIER = com.miempresa.ParrilloSnapChatUITests;
				PRODUCT_NAME = "$(TARGET_NAME)";
				SWIFT_EMIT_LOC_STRINGS = NO;
				SWIFT_VERSION = 5.0;
				TARGETED_DEVICE_FAMILY = "1,2";
				TEST_TARGET_NAME = ParrilloSnapChat;
			};
			name = Debug;
		};
		42B3F2B22CBDC8F3002308DA /* Release */ = {
			isa = XCBuildConfiguration;
			buildSettings = {
				ALWAYS_EMBED_SWIFT_STANDARD_LIBRARIES = YES;
				CODE_SIGN_STYLE = Automatic;
				CURRENT_PROJECT_VERSION = 1;
				GENERATE_INFOPLIST_FILE = YES;
				MARKETING_VERSION = 1.0;
				PRODUCT_BUNDLE_IDENTIFIER = com.miempresa.ParrilloSnapChatUITests;
				PRODUCT_NAME = "$(TARGET_NAME)";
				SWIFT_EMIT_LOC_STRINGS = NO;
				SWIFT_VERSION = 5.0;
				TARGETED_DEVICE_FAMILY = "1,2";
				TEST_TARGET_NAME = ParrilloSnapChat;
			};
			name = Release;
		};
/* End XCBuildConfiguration section */

/* Begin XCConfigurationList section */
		42B3F27B2CBDC8F1002308DA /* Build configuration list for PBXProject "ParrilloSnapChat" */ = {
			isa = XCConfigurationList;
			buildConfigurations = (
				42B3F2A82CBDC8F3002308DA /* Debug */,
				42B3F2A92CBDC8F3002308DA /* Release */,
			);
			defaultConfigurationIsVisible = 0;
			defaultConfigurationName = Release;
		};
		42B3F2AA2CBDC8F3002308DA /* Build configuration list for PBXNativeTarget "ParrilloSnapChat" */ = {
			isa = XCConfigurationList;
			buildConfigurations = (
				42B3F2AB2CBDC8F3002308DA /* Debug */,
				42B3F2AC2CBDC8F3002308DA /* Release */,
			);
			defaultConfigurationIsVisible = 0;
			defaultConfigurationName = Release;
		};
		42B3F2AD2CBDC8F3002308DA /* Build configuration list for PBXNativeTarget "ParrilloSnapChatTests" */ = {
			isa = XCConfigurationList;
			buildConfigurations = (
				42B3F2AE2CBDC8F3002308DA /* Debug */,
				42B3F2AF2CBDC8F3002308DA /* Release */,
			);
			defaultConfigurationIsVisible = 0;
			defaultConfigurationName = Release;
		};
		42B3F2B02CBDC8F3002308DA /* Build configuration list for PBXNativeTarget "ParrilloSnapChatUITests" */ = {
			isa = XCConfigurationList;
			buildConfigurations = (
				42B3F2B12CBDC8F3002308DA /* Debug */,
				42B3F2B22CBDC8F3002308DA /* Release */,
			);
			defaultConfigurationIsVisible = 0;
			defaultConfigurationName = Release;
		};
/* End XCConfigurationList section */
	};
	rootObject = 42B3F2782CBDC8F1002308DA /* Project object */;
}
